
Microsoft Visual Studio Solution File, Format Version 12.00
# Visual Studio Version 17
VisualStudioVersion = 17.13.35919.96 d17.13
MinimumVisualStudioVersion = 10.0.40219.1
Project("{FAE04EC0-301F-11D3-BF4B-00C04F79EFBC}") = "PayRollManagementSystem", "PayRollManagementSystem.csproj", "{1CD63481-A2CE-4A60-A45D-BB0147FDEE38}"
EndProject
Global
	GlobalSection(SolutionConfigurationPlatforms) = preSolution
		Debug|Any CPU = Debug|Any CPU
		Release|Any CPU = Release|Any CPU
	EndGlobalSection
	GlobalSection(ProjectConfigurationPlatforms) = postSolution
		{1CD63481-A2CE-4A60-A45D-BB0147FDEE38}.Debug|Any CPU.ActiveCfg = Debug|Any CPU
		{1CD63481-A2CE-4A60-A45D-BB0147FDEE38}.Debug|Any CPU.Build.0 = Debug|Any CPU
		{1CD63481-A2CE-4A60-A45D-BB0147FDEE38}.Release|Any CPU.ActiveCfg = Release|Any CPU
		{1CD63481-A2CE-4A60-A45D-BB0147FDEE38}.Release|Any CPU.Build.0 = Release|Any CPU
	EndGlobalSection
	GlobalSection(SolutionProperties) = preSolution
		HideSolutionNode = FALSE
	EndGlobalSection
	GlobalSection(ExtensibilityGlobals) = postSolution
		SolutionGuid = {05B4BB92-4914-4A14-A9A9-7BCF79EDD566}
	EndGlobalSection
EndGlobal
